{
  "pins" : [
    {
      "identity" : "openssl",
      "kind" : "remoteSourceControl",
      "location" : "https://github.com/krzyzanowskim/OpenSSL",
      "state" : {
        "revision" : "9429bf89fe0df2d2f25f3a9a51cbf7092e69640f",
        "version" : "1.1.1700"
      }
    },
    {
      "identity" : "stinsen",
      "kind" : "remoteSourceControl",
      "location" : "https://github.com/rundfunk47/stinsen",
      "state" : {
        "branch" : "master",
        "revision" : "17afde3c4763e014c7505da15258a5d44821c91a"
      }
    }
  ],
  "version" : 2
}
