{
  "pins" : [
    {
      "identity" : "swiftpiechart",
      "kind" : "remoteSourceControl",
      "location" : "https://github.com/ilamanov/SwiftPieChart",
      "state" : {
        "revision" : "e6f67120c55e7402f67f3463994105ff6cfbcd10",
        "version" : "1.0.61"
      }
    },
    {
      "identity" : "swiftuicharts",
      "kind" : "remoteSourceControl",
      "location" : "https://github.com/willdale/SwiftUICharts",
      "state" : {
        "revision" : "9a71bffb72c35960c6836891ca1e13e089532991",
        "version" : "2.10.1"
      }
    }
  ],
  "version" : 2
}
