// !$*UTF8*$!
{
	archiveVersion = 1;
	classes = {
	};
	objectVersion = 54;
	objects = {

/* Begin PBXBuildFile section */
		5A00F44C287EBE4E00A4820A /* Currency.swift in Sources */ = {isa = PBXBuildFile; fileRef = 5A00F44B287EBE4E00A4820A /* Currency.swift */; };
		5A00F44E287EBF2700A4820A /* Currencies.swift in Sources */ = {isa = PBXBuildFile; fileRef = 5A00F44D287EBF2700A4820A /* Currencies.swift */; };
		5A00F450287EC72400A4820A /* SearchBarView.swift in Sources */ = {isa = PBXBuildFile; fileRef = 5A00F44F287EC72400A4820A /* SearchBarView.swift */; };
		5A00F45A287EDA0100A4820A /* ValidatorsTests.swift in Sources */ = {isa = PBXBuildFile; fileRef = 5A00F459287EDA0100A4820A /* ValidatorsTests.swift */; };
		5A00F46C287F313700A4820A /* PaymentItemView.swift in Sources */ = {isa = PBXBuildFile; fileRef = 5A00F46B287F313700A4820A /* PaymentItemView.swift */; };
		5A0952B0287E0423006CCE2D /* NotificationsManager.swift in Sources */ = {isa = PBXBuildFile; fileRef = 5A0952AF287E0423006CCE2D /* NotificationsManager.swift */; };
		5A0952B4287E959C006CCE2D /* CurrencyEditorView.swift in Sources */ = {isa = PBXBuildFile; fileRef = 5A0952B3287E959C006CCE2D /* CurrencyEditorView.swift */; };
		5A0EF6ED289562A5009470DB /* StoreKit.framework in Frameworks */ = {isa = PBXBuildFile; fileRef = 5A0EF6EC289562A5009470DB /* StoreKit.framework */; };
		5A14B3B928B51F2900F2116F /* PieChart in Frameworks */ = {isa = PBXBuildFile; productRef = 5A14B3B828B51F2900F2116F /* PieChart */; };
		5A19B981288331A200C27056 /* TagsEditorView.swift in Sources */ = {isa = PBXBuildFile; fileRef = 5A19B980288331A200C27056 /* TagsEditorView.swift */; };
		5A19B983288333F000C27056 /* TagsManager.swift in Sources */ = {isa = PBXBuildFile; fileRef = 5A19B982288333F000C27056 /* TagsManager.swift */; };
		5A19B985288335FB00C27056 /* Tag.swift in Sources */ = {isa = PBXBuildFile; fileRef = 5A19B984288335FB00C27056 /* Tag.swift */; };
		5A19B98728833DAC00C27056 /* AddTagView.swift in Sources */ = {isa = PBXBuildFile; fileRef = 5A19B98628833DAC00C27056 /* AddTagView.swift */; };
		5A19B98D288343D300C27056 /* Toast.swift in Sources */ = {isa = PBXBuildFile; fileRef = 5A19B98C288343D300C27056 /* Toast.swift */; };
		5A19B9902883458800C27056 /* EmojiValidator.swift in Sources */ = {isa = PBXBuildFile; fileRef = 5A19B98F2883458700C27056 /* EmojiValidator.swift */; };
		5A19B9922883460D00C27056 /* TagNameValidator.swift in Sources */ = {isa = PBXBuildFile; fileRef = 5A19B9912883460D00C27056 /* TagNameValidator.swift */; };
		5A2383ED288DD20F00DD60DE /* HomeViewModel.swift in Sources */ = {isa = PBXBuildFile; fileRef = 5A2383EC288DD20F00DD60DE /* HomeViewModel.swift */; };
		5A2383EF288DD68500DD60DE /* Payment.swift in Sources */ = {isa = PBXBuildFile; fileRef = 5A2383EE288DD68500DD60DE /* Payment.swift */; };
		5A2383F1288DE05100DD60DE /* SettingsViewModel.swift in Sources */ = {isa = PBXBuildFile; fileRef = 5A2383F0288DE05100DD60DE /* SettingsViewModel.swift */; };
		5A2383F3288EAEB400DD60DE /* CurrencyEditorViewModel.swift in Sources */ = {isa = PBXBuildFile; fileRef = 5A2383F2288EAEB400DD60DE /* CurrencyEditorViewModel.swift */; };
		5A2383F7288EB12700DD60DE /* TagsEditorViewModel.swift in Sources */ = {isa = PBXBuildFile; fileRef = 5A2383F6288EB12700DD60DE /* TagsEditorViewModel.swift */; };
		5A3868672895A601006D24CC /* Developer.swift in Sources */ = {isa = PBXBuildFile; fileRef = 5A3868662895A601006D24CC /* Developer.swift */; };
		5A3A6564288570DA0097B179 /* Stinsen in Frameworks */ = {isa = PBXBuildFile; productRef = 5A3A6563288570DA0097B179 /* Stinsen */; };
		5A3A6566288571120097B179 /* TabsCoordinator.swift in Sources */ = {isa = PBXBuildFile; fileRef = 5A3A6565288571120097B179 /* TabsCoordinator.swift */; };
		5A3A6568288571600097B179 /* HomeCoordinator.swift in Sources */ = {isa = PBXBuildFile; fileRef = 5A3A6567288571600097B179 /* HomeCoordinator.swift */; };
		5A3A656A288572BD0097B179 /* SettingsCoordinator.swift in Sources */ = {isa = PBXBuildFile; fileRef = 5A3A6569288572BD0097B179 /* SettingsCoordinator.swift */; };
		5A43529E2883E50100C89F44 /* Validator.swift in Sources */ = {isa = PBXBuildFile; fileRef = 5A43529D2883E50100C89F44 /* Validator.swift */; };
		5A4352A02883E5F800C89F44 /* PriceExpressionValidator.swift in Sources */ = {isa = PBXBuildFile; fileRef = 5A43529F2883E5F800C89F44 /* PriceExpressionValidator.swift */; };
		5A4352A22883EB7500C89F44 /* Character.swift in Sources */ = {isa = PBXBuildFile; fileRef = 5A4352A12883EB7500C89F44 /* Character.swift */; };
		5A4352A42883EB8900C89F44 /* String.swift in Sources */ = {isa = PBXBuildFile; fileRef = 5A4352A32883EB8900C89F44 /* String.swift */; };
		5A4580EC28B2C7A1006088FA /* ManagersContainer.swift in Sources */ = {isa = PBXBuildFile; fileRef = 5A4580EB28B2C7A1006088FA /* ManagersContainer.swift */; };
		5A460423288FF02600E4A411 /* AboutAppViewModel.swift in Sources */ = {isa = PBXBuildFile; fileRef = 5A460422288FF02600E4A411 /* AboutAppViewModel.swift */; };
		5A460426288FF18200E4A411 /* BaseViewModel.swift in Sources */ = {isa = PBXBuildFile; fileRef = 5A460425288FF18200E4A411 /* BaseViewModel.swift */; };
		5A460429288FF4D300E4A411 /* DeveloperViewModel.swift in Sources */ = {isa = PBXBuildFile; fileRef = 5A460428288FF4D300E4A411 /* DeveloperViewModel.swift */; };
		5A46042C289071BB00E4A411 /* ResetPaymentsViewModel.swift in Sources */ = {isa = PBXBuildFile; fileRef = 5A46042B289071BB00E4A411 /* ResetPaymentsViewModel.swift */; };
		5A46042F289073BD00E4A411 /* NotificationsViewModel.swift in Sources */ = {isa = PBXBuildFile; fileRef = 5A46042E289073BD00E4A411 /* NotificationsViewModel.swift */; };
		5A4604332890747700E4A411 /* PremiumViewModel.swift in Sources */ = {isa = PBXBuildFile; fileRef = 5A4604322890747700E4A411 /* PremiumViewModel.swift */; };
		5A4604352890756E00E4A411 /* AddPaymentViewModel.swift in Sources */ = {isa = PBXBuildFile; fileRef = 5A4604342890756E00E4A411 /* AddPaymentViewModel.swift */; };
		5A46043728911CA700E4A411 /* Balance.swift in Sources */ = {isa = PBXBuildFile; fileRef = 5A46043628911CA600E4A411 /* Balance.swift */; };
		5A4CEC4128B8F5DB004D387A /* HttpResponse.swift in Sources */ = {isa = PBXBuildFile; fileRef = 5A4CEC4028B8F5DB004D387A /* HttpResponse.swift */; };
		5A4CEC4328B8F5F0004D387A /* HttpMethod.swift in Sources */ = {isa = PBXBuildFile; fileRef = 5A4CEC4228B8F5F0004D387A /* HttpMethod.swift */; };
		5A4CEC4528B8F643004D387A /* HttpRequest.swift in Sources */ = {isa = PBXBuildFile; fileRef = 5A4CEC4428B8F643004D387A /* HttpRequest.swift */; };
		5A4CEC4828B8F678004D387A /* SwiftyJSON in Frameworks */ = {isa = PBXBuildFile; productRef = 5A4CEC4728B8F678004D387A /* SwiftyJSON */; };
		5A4CEC4A28B8F6BC004D387A /* URLSession.swift in Sources */ = {isa = PBXBuildFile; fileRef = 5A4CEC4928B8F6BC004D387A /* URLSession.swift */; };
		5A557F09287D87BD00F7B68F /* SettingsView.swift in Sources */ = {isa = PBXBuildFile; fileRef = 5A557F08287D87BD00F7B68F /* SettingsView.swift */; };
		5A557F0C287D9B2800F7B68F /* Filter.swift in Sources */ = {isa = PBXBuildFile; fileRef = 5A557F0B287D9B2800F7B68F /* Filter.swift */; };
		5A5DEB2528AD418800496571 /* DeviceSupportHelper.swift in Sources */ = {isa = PBXBuildFile; fileRef = 5A5DEB2428AD418800496571 /* DeviceSupportHelper.swift */; };
		5A798FC32885957E00A63300 /* ResetPaymentsView.swift in Sources */ = {isa = PBXBuildFile; fileRef = 5A798FC22885957E00A63300 /* ResetPaymentsView.swift */; };
		5A798FC52885959600A63300 /* AboutAppView.swift in Sources */ = {isa = PBXBuildFile; fileRef = 5A798FC42885959600A63300 /* AboutAppView.swift */; };
		5A798FC7288599AD00A63300 /* NotificationsView.swift in Sources */ = {isa = PBXBuildFile; fileRef = 5A798FC6288599AD00A63300 /* NotificationsView.swift */; };
		5A798FC928859C6100A63300 /* SettingsItemView.swift in Sources */ = {isa = PBXBuildFile; fileRef = 5A798FC828859C6100A63300 /* SettingsItemView.swift */; };
		5A798FCB28859DC200A63300 /* PremiumBannerView.swift in Sources */ = {isa = PBXBuildFile; fileRef = 5A798FCA28859DC200A63300 /* PremiumBannerView.swift */; };
		5A798FCD2885A16000A63300 /* HomeBalanceView.swift in Sources */ = {isa = PBXBuildFile; fileRef = 5A798FCC2885A16000A63300 /* HomeBalanceView.swift */; };
		5A798FCF2885A1B000A63300 /* HomeBalance2View.swift in Sources */ = {isa = PBXBuildFile; fileRef = 5A798FCE2885A1B000A63300 /* HomeBalance2View.swift */; };
		5A7C998A288306EB00F95214 /* DeveloperView.swift in Sources */ = {isa = PBXBuildFile; fileRef = 5A7C9989288306EB00F95214 /* DeveloperView.swift */; };
		5A7E84E428AF78DB00715093 /* ExportablePayment.swift in Sources */ = {isa = PBXBuildFile; fileRef = 5A7E84E328AF78DB00715093 /* ExportablePayment.swift */; };
		5A7E84E628AF7AEF00715093 /* JsonDocument.swift in Sources */ = {isa = PBXBuildFile; fileRef = 5A7E84E528AF7AEF00715093 /* JsonDocument.swift */; };
		5A8D862928A2558800336EAD /* MathematicalExpressionTests.swift in Sources */ = {isa = PBXBuildFile; fileRef = 5A8D862828A2558800336EAD /* MathematicalExpressionTests.swift */; };
		5AA1298628B3DB69004BAF12 /* PremiumPublisher.swift in Sources */ = {isa = PBXBuildFile; fileRef = 5AA1298528B3DB69004BAF12 /* PremiumPublisher.swift */; };
		5AAFDE8A2884418B0076ECE7 /* Date.swift in Sources */ = {isa = PBXBuildFile; fileRef = 5AAFDE892884418B0076ECE7 /* Date.swift */; };
		5AD41C26287D4A0500A464B2 /* Static.swift in Sources */ = {isa = PBXBuildFile; fileRef = 5AD41C25287D4A0500A464B2 /* Static.swift */; };
		5AD41C29287D4EAE00A464B2 /* AddPaymentView.swift in Sources */ = {isa = PBXBuildFile; fileRef = 5AD41C28287D4EAE00A464B2 /* AddPaymentView.swift */; };
		5AD41C2B287D4ECE00A464B2 /* HomeView.swift in Sources */ = {isa = PBXBuildFile; fileRef = 5AD41C2A287D4ECE00A464B2 /* HomeView.swift */; };
		5AD6E9CF2887D3F1005311C5 /* PremiumView.swift in Sources */ = {isa = PBXBuildFile; fileRef = 5AD6E9CE2887D3F1005311C5 /* PremiumView.swift */; };
		5ADD33D5289193F700C00F1C /* PaymentsPublisher.swift in Sources */ = {isa = PBXBuildFile; fileRef = 5ADD33D4289193F700C00F1C /* PaymentsPublisher.swift */; };
		5ADD33D72891951900C00F1C /* BalancePublisher.swift in Sources */ = {isa = PBXBuildFile; fileRef = 5ADD33D62891951900C00F1C /* BalancePublisher.swift */; };
		5ADD33F42891C9FF00C00F1C /* PremiumItemView.swift in Sources */ = {isa = PBXBuildFile; fileRef = 5ADD33F32891C9FF00C00F1C /* PremiumItemView.swift */; };
		5ADD33F62891DBF500C00F1C /* View.swift in Sources */ = {isa = PBXBuildFile; fileRef = 5ADD33F52891DBF500C00F1C /* View.swift */; };
		5AF8B6D428B0C9ED00D76AEC /* ExportData.swift in Sources */ = {isa = PBXBuildFile; fileRef = 5AF8B6D328B0C9ED00D76AEC /* ExportData.swift */; };
		5AF8B6D728B0E60E00D76AEC /* GoogleMobileAds in Frameworks */ = {isa = PBXBuildFile; productRef = 5AF8B6D628B0E60E00D76AEC /* GoogleMobileAds */; };
		5AF8B6D928B0E82800D76AEC /* AdBanner.swift in Sources */ = {isa = PBXBuildFile; fileRef = 5AF8B6D828B0E82800D76AEC /* AdBanner.swift */; };
		5AFA66D72882C07100088D53 /* MathematicalExpression.swift in Sources */ = {isa = PBXBuildFile; fileRef = 5AFA66D62882C07100088D53 /* MathematicalExpression.swift */; };
		5AFED6E128918D1A00E33D66 /* TagsPublisher.swift in Sources */ = {isa = PBXBuildFile; fileRef = 5AFED6E028918D1A00E33D66 /* TagsPublisher.swift */; };
		B4043A132898F840009DB652 /* OpenSSL in Frameworks */ = {isa = PBXBuildFile; productRef = B4043A122898F840009DB652 /* OpenSSL */; };
		B4043A162899148F009DB652 /* AppleIncRootCertificate.cer in Resources */ = {isa = PBXBuildFile; fileRef = B4043A152899148F009DB652 /* AppleIncRootCertificate.cer */; };
		B425FB7228992A8600D32BB1 /* SKProduct.swift in Sources */ = {isa = PBXBuildFile; fileRef = B425FB7128992A8600D32BB1 /* SKProduct.swift */; };
		B42D29A4287EE10900F324CE /* Launch Screen.storyboard in Resources */ = {isa = PBXBuildFile; fileRef = B42D29A3287EE10900F324CE /* Launch Screen.storyboard */; };
		B4BD4E9B2892678B004646E2 /* StoreManager.swift in Sources */ = {isa = PBXBuildFile; fileRef = B4BD4E9A2892678B004646E2 /* StoreManager.swift */; };
		B4D501242869A87A0065EB4D /* MoneyTrackerApp.swift in Sources */ = {isa = PBXBuildFile; fileRef = B4D501232869A87A0065EB4D /* MoneyTrackerApp.swift */; };
		B4D501282869A87C0065EB4D /* Assets.xcassets in Resources */ = {isa = PBXBuildFile; fileRef = B4D501272869A87C0065EB4D /* Assets.xcassets */; };
		B4D5012B2869A87C0065EB4D /* Preview Assets.xcassets in Resources */ = {isa = PBXBuildFile; fileRef = B4D5012A2869A87C0065EB4D /* Preview Assets.xcassets */; };
		B4D501322869A9ED0065EB4D /* String+Ext.swift in Sources */ = {isa = PBXBuildFile; fileRef = B4D501312869A9ED0065EB4D /* String+Ext.swift */; };
		B4D501352869AA510065EB4D /* StorageManager.swift in Sources */ = {isa = PBXBuildFile; fileRef = B4D501342869AA510065EB4D /* StorageManager.swift */; };
		B4D501372869AA6C0065EB4D /* PaymentsManager.swift in Sources */ = {isa = PBXBuildFile; fileRef = B4D501362869AA6C0065EB4D /* PaymentsManager.swift */; };
		B4D501392869AA860065EB4D /* PersistenceController.swift in Sources */ = {isa = PBXBuildFile; fileRef = B4D501382869AA860065EB4D /* PersistenceController.swift */; };
		B4D5013D2869AAB10065EB4D /* Model.xcdatamodeld in Sources */ = {isa = PBXBuildFile; fileRef = B4D5013B2869AAB10065EB4D /* Model.xcdatamodeld */; };
		B4D501462869ABCE0065EB4D /* Localizable.strings in Resources */ = {isa = PBXBuildFile; fileRef = B4D501482869ABCE0065EB4D /* Localizable.strings */; };
		B4DDA7A62898F0890088225C /* IAPReceipt.swift in Sources */ = {isa = PBXBuildFile; fileRef = B4DDA7A32898F0890088225C /* IAPReceipt.swift */; };
		B4DDA7A72898F0890088225C /* Receipt.swift in Sources */ = {isa = PBXBuildFile; fileRef = B4DDA7A42898F0890088225C /* Receipt.swift */; };
		B4DDA7A82898F0890088225C /* ASN1Helpers.swift in Sources */ = {isa = PBXBuildFile; fileRef = B4DDA7A52898F0890088225C /* ASN1Helpers.swift */; };
		B4F01818288AD316009CCA62 /* AppDelegate.swift in Sources */ = {isa = PBXBuildFile; fileRef = B4F01817288AD316009CCA62 /* AppDelegate.swift */; };
		B4F15B0B28979D8400DC8CA2 /* KeychainManager.swift in Sources */ = {isa = PBXBuildFile; fileRef = B4F15B0A28979D8400DC8CA2 /* KeychainManager.swift */; };
		B4F15B0D2898121100DC8CA2 /* StoreKitTests.swift in Sources */ = {isa = PBXBuildFile; fileRef = B4F15B0C2898121100DC8CA2 /* StoreKitTests.swift */; };
/* End PBXBuildFile section */

/* Begin PBXContainerItemProxy section */
		5A00F45B287EDA0100A4820A /* PBXContainerItemProxy */ = {
			isa = PBXContainerItemProxy;
			containerPortal = B4D501182869A87A0065EB4D /* Project object */;
			proxyType = 1;
			remoteGlobalIDString = B4D5011F2869A87A0065EB4D;
			remoteInfo = MoneyTracker;
		};
/* End PBXContainerItemProxy section */

/* Begin PBXCopyFilesBuildPhase section */
		5A5DEB4B28AD4E0B00496571 /* Embed Watch Content */ = {
			isa = PBXCopyFilesBuildPhase;
			buildActionMask = 2147483647;
			dstPath = "$(CONTENTS_FOLDER_PATH)/Watch";
			dstSubfolderSpec = 16;
			files = (
			);
			name = "Embed Watch Content";
			runOnlyForDeploymentPostprocessing = 0;
		};
/* End PBXCopyFilesBuildPhase section */

/* Begin PBXFileReference section */
		5A00F44B287EBE4E00A4820A /* Currency.swift */ = {isa = PBXFileReference; lastKnownFileType = sourcecode.swift; path = Currency.swift; sourceTree = "<group>"; };
		5A00F44D287EBF2700A4820A /* Currencies.swift */ = {isa = PBXFileReference; lastKnownFileType = sourcecode.swift; path = Currencies.swift; sourceTree = "<group>"; };
		5A00F44F287EC72400A4820A /* SearchBarView.swift */ = {isa = PBXFileReference; lastKnownFileType = sourcecode.swift; path = SearchBarView.swift; sourceTree = "<group>"; };
		5A00F457287EDA0100A4820A /* MoneyTrackerTests.xctest */ = {isa = PBXFileReference; explicitFileType = wrapper.cfbundle; includeInIndex = 0; path = MoneyTrackerTests.xctest; sourceTree = BUILT_PRODUCTS_DIR; };
		5A00F459287EDA0100A4820A /* ValidatorsTests.swift */ = {isa = PBXFileReference; lastKnownFileType = sourcecode.swift; path = ValidatorsTests.swift; sourceTree = "<group>"; };
		5A00F462287EDE0800A4820A /* Info.plist */ = {isa = PBXFileReference; lastKnownFileType = text.plist.xml; path = Info.plist; sourceTree = "<group>"; };
		5A00F46B287F313700A4820A /* PaymentItemView.swift */ = {isa = PBXFileReference; lastKnownFileType = sourcecode.swift; path = PaymentItemView.swift; sourceTree = "<group>"; };
		5A0952AF287E0423006CCE2D /* NotificationsManager.swift */ = {isa = PBXFileReference; lastKnownFileType = sourcecode.swift; path = NotificationsManager.swift; sourceTree = "<group>"; };
		5A0952B3287E959C006CCE2D /* CurrencyEditorView.swift */ = {isa = PBXFileReference; lastKnownFileType = sourcecode.swift; path = CurrencyEditorView.swift; sourceTree = "<group>"; };
		5A0EF6EC289562A5009470DB /* StoreKit.framework */ = {isa = PBXFileReference; lastKnownFileType = wrapper.framework; name = StoreKit.framework; path = System/Library/Frameworks/StoreKit.framework; sourceTree = SDKROOT; };
		5A14B3BA28B5295600F2116F /* uk */ = {isa = PBXFileReference; lastKnownFileType = text.plist.strings; name = uk; path = uk.lproj/Localizable.strings; sourceTree = "<group>"; };
		5A19B980288331A200C27056 /* TagsEditorView.swift */ = {isa = PBXFileReference; lastKnownFileType = sourcecode.swift; path = TagsEditorView.swift; sourceTree = "<group>"; };
		5A19B982288333F000C27056 /* TagsManager.swift */ = {isa = PBXFileReference; lastKnownFileType = sourcecode.swift; path = TagsManager.swift; sourceTree = "<group>"; };
		5A19B984288335FB00C27056 /* Tag.swift */ = {isa = PBXFileReference; lastKnownFileType = sourcecode.swift; path = Tag.swift; sourceTree = "<group>"; };
		5A19B98628833DAC00C27056 /* AddTagView.swift */ = {isa = PBXFileReference; lastKnownFileType = sourcecode.swift; path = AddTagView.swift; sourceTree = "<group>"; };
		5A19B98C288343D300C27056 /* Toast.swift */ = {isa = PBXFileReference; lastKnownFileType = sourcecode.swift; path = Toast.swift; sourceTree = "<group>"; };
		5A19B98F2883458700C27056 /* EmojiValidator.swift */ = {isa = PBXFileReference; lastKnownFileType = sourcecode.swift; path = EmojiValidator.swift; sourceTree = "<group>"; };
		5A19B9912883460D00C27056 /* TagNameValidator.swift */ = {isa = PBXFileReference; lastKnownFileType = sourcecode.swift; path = TagNameValidator.swift; sourceTree = "<group>"; };
		5A2383EC288DD20F00DD60DE /* HomeViewModel.swift */ = {isa = PBXFileReference; lastKnownFileType = sourcecode.swift; path = HomeViewModel.swift; sourceTree = "<group>"; };
		5A2383EE288DD68500DD60DE /* Payment.swift */ = {isa = PBXFileReference; lastKnownFileType = sourcecode.swift; path = Payment.swift; sourceTree = "<group>"; };
		5A2383F0288DE05100DD60DE /* SettingsViewModel.swift */ = {isa = PBXFileReference; lastKnownFileType = sourcecode.swift; path = SettingsViewModel.swift; sourceTree = "<group>"; };
		5A2383F2288EAEB400DD60DE /* CurrencyEditorViewModel.swift */ = {isa = PBXFileReference; lastKnownFileType = sourcecode.swift; path = CurrencyEditorViewModel.swift; sourceTree = "<group>"; };
		5A2383F6288EB12700DD60DE /* TagsEditorViewModel.swift */ = {isa = PBXFileReference; lastKnownFileType = sourcecode.swift; path = TagsEditorViewModel.swift; sourceTree = "<group>"; };
		5A3868662895A601006D24CC /* Developer.swift */ = {isa = PBXFileReference; lastKnownFileType = sourcecode.swift; path = Developer.swift; sourceTree = "<group>"; };
		5A3A6565288571120097B179 /* TabsCoordinator.swift */ = {isa = PBXFileReference; lastKnownFileType = sourcecode.swift; path = TabsCoordinator.swift; sourceTree = "<group>"; };
		5A3A6567288571600097B179 /* HomeCoordinator.swift */ = {isa = PBXFileReference; lastKnownFileType = sourcecode.swift; path = HomeCoordinator.swift; sourceTree = "<group>"; };
		5A3A6569288572BD0097B179 /* SettingsCoordinator.swift */ = {isa = PBXFileReference; lastKnownFileType = sourcecode.swift; path = SettingsCoordinator.swift; sourceTree = "<group>"; };
		5A43529D2883E50100C89F44 /* Validator.swift */ = {isa = PBXFileReference; lastKnownFileType = sourcecode.swift; path = Validator.swift; sourceTree = "<group>"; };
		5A43529F2883E5F800C89F44 /* PriceExpressionValidator.swift */ = {isa = PBXFileReference; lastKnownFileType = sourcecode.swift; path = PriceExpressionValidator.swift; sourceTree = "<group>"; };
		5A4352A12883EB7500C89F44 /* Character.swift */ = {isa = PBXFileReference; lastKnownFileType = sourcecode.swift; path = Character.swift; sourceTree = "<group>"; };
		5A4352A32883EB8900C89F44 /* String.swift */ = {isa = PBXFileReference; lastKnownFileType = sourcecode.swift; path = String.swift; sourceTree = "<group>"; };
		5A4580EB28B2C7A1006088FA /* ManagersContainer.swift */ = {isa = PBXFileReference; lastKnownFileType = sourcecode.swift; path = ManagersContainer.swift; sourceTree = "<group>"; };
		5A460422288FF02600E4A411 /* AboutAppViewModel.swift */ = {isa = PBXFileReference; lastKnownFileType = sourcecode.swift; path = AboutAppViewModel.swift; sourceTree = "<group>"; };
		5A460425288FF18200E4A411 /* BaseViewModel.swift */ = {isa = PBXFileReference; lastKnownFileType = sourcecode.swift; path = BaseViewModel.swift; sourceTree = "<group>"; };
		5A460428288FF4D300E4A411 /* DeveloperViewModel.swift */ = {isa = PBXFileReference; lastKnownFileType = sourcecode.swift; path = DeveloperViewModel.swift; sourceTree = "<group>"; };
		5A46042B289071BB00E4A411 /* ResetPaymentsViewModel.swift */ = {isa = PBXFileReference; lastKnownFileType = sourcecode.swift; path = ResetPaymentsViewModel.swift; sourceTree = "<group>"; };
		5A46042E289073BD00E4A411 /* NotificationsViewModel.swift */ = {isa = PBXFileReference; lastKnownFileType = sourcecode.swift; path = NotificationsViewModel.swift; sourceTree = "<group>"; };
		5A4604322890747700E4A411 /* PremiumViewModel.swift */ = {isa = PBXFileReference; lastKnownFileType = sourcecode.swift; path = PremiumViewModel.swift; sourceTree = "<group>"; };
		5A4604342890756E00E4A411 /* AddPaymentViewModel.swift */ = {isa = PBXFileReference; lastKnownFileType = sourcecode.swift; path = AddPaymentViewModel.swift; sourceTree = "<group>"; };
		5A46043628911CA600E4A411 /* Balance.swift */ = {isa = PBXFileReference; lastKnownFileType = sourcecode.swift; path = Balance.swift; sourceTree = "<group>"; };
		5A4CEC4028B8F5DB004D387A /* HttpResponse.swift */ = {isa = PBXFileReference; lastKnownFileType = sourcecode.swift; path = HttpResponse.swift; sourceTree = "<group>"; };
		5A4CEC4228B8F5F0004D387A /* HttpMethod.swift */ = {isa = PBXFileReference; lastKnownFileType = sourcecode.swift; path = HttpMethod.swift; sourceTree = "<group>"; };
		5A4CEC4428B8F643004D387A /* HttpRequest.swift */ = {isa = PBXFileReference; lastKnownFileType = sourcecode.swift; path = HttpRequest.swift; sourceTree = "<group>"; };
		5A4CEC4928B8F6BC004D387A /* URLSession.swift */ = {isa = PBXFileReference; lastKnownFileType = sourcecode.swift; path = URLSession.swift; sourceTree = "<group>"; };
		5A557F08287D87BD00F7B68F /* SettingsView.swift */ = {isa = PBXFileReference; lastKnownFileType = sourcecode.swift; path = SettingsView.swift; sourceTree = "<group>"; };
		5A557F0B287D9B2800F7B68F /* Filter.swift */ = {isa = PBXFileReference; lastKnownFileType = sourcecode.swift; path = Filter.swift; sourceTree = "<group>"; };
		5A5DEB2428AD418800496571 /* DeviceSupportHelper.swift */ = {isa = PBXFileReference; lastKnownFileType = sourcecode.swift; path = DeviceSupportHelper.swift; sourceTree = "<group>"; };
		5A798FC22885957E00A63300 /* ResetPaymentsView.swift */ = {isa = PBXFileReference; lastKnownFileType = sourcecode.swift; path = ResetPaymentsView.swift; sourceTree = "<group>"; };
		5A798FC42885959600A63300 /* AboutAppView.swift */ = {isa = PBXFileReference; lastKnownFileType = sourcecode.swift; path = AboutAppView.swift; sourceTree = "<group>"; };
		5A798FC6288599AD00A63300 /* NotificationsView.swift */ = {isa = PBXFileReference; lastKnownFileType = sourcecode.swift; path = NotificationsView.swift; sourceTree = "<group>"; };
		5A798FC828859C6100A63300 /* SettingsItemView.swift */ = {isa = PBXFileReference; lastKnownFileType = sourcecode.swift; path = SettingsItemView.swift; sourceTree = "<group>"; };
		5A798FCA28859DC200A63300 /* PremiumBannerView.swift */ = {isa = PBXFileReference; lastKnownFileType = sourcecode.swift; path = PremiumBannerView.swift; sourceTree = "<group>"; };
		5A798FCC2885A16000A63300 /* HomeBalanceView.swift */ = {isa = PBXFileReference; lastKnownFileType = sourcecode.swift; path = HomeBalanceView.swift; sourceTree = "<group>"; };
		5A798FCE2885A1B000A63300 /* HomeBalance2View.swift */ = {isa = PBXFileReference; lastKnownFileType = sourcecode.swift; path = HomeBalance2View.swift; sourceTree = "<group>"; };
		5A7C9989288306EB00F95214 /* DeveloperView.swift */ = {isa = PBXFileReference; lastKnownFileType = sourcecode.swift; path = DeveloperView.swift; sourceTree = "<group>"; };
		5A7E84E328AF78DB00715093 /* ExportablePayment.swift */ = {isa = PBXFileReference; lastKnownFileType = sourcecode.swift; path = ExportablePayment.swift; sourceTree = "<group>"; };
		5A7E84E528AF7AEF00715093 /* JsonDocument.swift */ = {isa = PBXFileReference; lastKnownFileType = sourcecode.swift; path = JsonDocument.swift; sourceTree = "<group>"; };
		5A8D862828A2558800336EAD /* MathematicalExpressionTests.swift */ = {isa = PBXFileReference; lastKnownFileType = sourcecode.swift; path = MathematicalExpressionTests.swift; sourceTree = "<group>"; };
		5A94655E28B4DA6A00E01BC8 /* Configuration.storekit */ = {isa = PBXFileReference; lastKnownFileType = text; path = Configuration.storekit; sourceTree = "<group>"; };
		5AA1298528B3DB69004BAF12 /* PremiumPublisher.swift */ = {isa = PBXFileReference; lastKnownFileType = sourcecode.swift; path = PremiumPublisher.swift; sourceTree = "<group>"; };
		5AAFDE892884418B0076ECE7 /* Date.swift */ = {isa = PBXFileReference; lastKnownFileType = sourcecode.swift; path = Date.swift; sourceTree = "<group>"; };
		5AD41C25287D4A0500A464B2 /* Static.swift */ = {isa = PBXFileReference; lastKnownFileType = sourcecode.swift; path = Static.swift; sourceTree = "<group>"; };
		5AD41C28287D4EAE00A464B2 /* AddPaymentView.swift */ = {isa = PBXFileReference; lastKnownFileType = sourcecode.swift; path = AddPaymentView.swift; sourceTree = "<group>"; };
		5AD41C2A287D4ECE00A464B2 /* HomeView.swift */ = {isa = PBXFileReference; lastKnownFileType = sourcecode.swift; path = HomeView.swift; sourceTree = "<group>"; };
		5AD6E9CE2887D3F1005311C5 /* PremiumView.swift */ = {isa = PBXFileReference; lastKnownFileType = sourcecode.swift; path = PremiumView.swift; sourceTree = "<group>"; };
		5ADD33D4289193F700C00F1C /* PaymentsPublisher.swift */ = {isa = PBXFileReference; lastKnownFileType = sourcecode.swift; path = PaymentsPublisher.swift; sourceTree = "<group>"; };
		5ADD33D62891951900C00F1C /* BalancePublisher.swift */ = {isa = PBXFileReference; lastKnownFileType = sourcecode.swift; path = BalancePublisher.swift; sourceTree = "<group>"; };
		5ADD33F32891C9FF00C00F1C /* PremiumItemView.swift */ = {isa = PBXFileReference; lastKnownFileType = sourcecode.swift; path = PremiumItemView.swift; sourceTree = "<group>"; };
		5ADD33F52891DBF500C00F1C /* View.swift */ = {isa = PBXFileReference; lastKnownFileType = sourcecode.swift; path = View.swift; sourceTree = "<group>"; };
		5AF8B6D328B0C9ED00D76AEC /* ExportData.swift */ = {isa = PBXFileReference; lastKnownFileType = sourcecode.swift; path = ExportData.swift; sourceTree = "<group>"; };
		5AF8B6D828B0E82800D76AEC /* AdBanner.swift */ = {isa = PBXFileReference; lastKnownFileType = sourcecode.swift; path = AdBanner.swift; sourceTree = "<group>"; };
		5AFA66D62882C07100088D53 /* MathematicalExpression.swift */ = {isa = PBXFileReference; lastKnownFileType = sourcecode.swift; path = MathematicalExpression.swift; sourceTree = "<group>"; };
		5AFED6E028918D1A00E33D66 /* TagsPublisher.swift */ = {isa = PBXFileReference; lastKnownFileType = sourcecode.swift; path = TagsPublisher.swift; sourceTree = "<group>"; };
		B4043A152899148F009DB652 /* AppleIncRootCertificate.cer */ = {isa = PBXFileReference; lastKnownFileType = file; path = AppleIncRootCertificate.cer; sourceTree = "<group>"; };
		B425FB7128992A8600D32BB1 /* SKProduct.swift */ = {isa = PBXFileReference; lastKnownFileType = sourcecode.swift; path = SKProduct.swift; sourceTree = "<group>"; };
		B42D29A3287EE10900F324CE /* Launch Screen.storyboard */ = {isa = PBXFileReference; lastKnownFileType = file.storyboard; path = "Launch Screen.storyboard"; sourceTree = "<group>"; };
		B4BD4E9A2892678B004646E2 /* StoreManager.swift */ = {isa = PBXFileReference; lastKnownFileType = sourcecode.swift; path = StoreManager.swift; sourceTree = "<group>"; };
		B4D501202869A87A0065EB4D /* MoneyTracker.app */ = {isa = PBXFileReference; explicitFileType = wrapper.application; includeInIndex = 0; path = MoneyTracker.app; sourceTree = BUILT_PRODUCTS_DIR; };
		B4D501232869A87A0065EB4D /* MoneyTrackerApp.swift */ = {isa = PBXFileReference; lastKnownFileType = sourcecode.swift; path = MoneyTrackerApp.swift; sourceTree = "<group>"; };
		B4D501272869A87C0065EB4D /* Assets.xcassets */ = {isa = PBXFileReference; lastKnownFileType = folder.assetcatalog; path = Assets.xcassets; sourceTree = "<group>"; };
		B4D5012A2869A87C0065EB4D /* Preview Assets.xcassets */ = {isa = PBXFileReference; lastKnownFileType = folder.assetcatalog; path = "Preview Assets.xcassets"; sourceTree = "<group>"; };
		B4D501312869A9ED0065EB4D /* String+Ext.swift */ = {isa = PBXFileReference; lastKnownFileType = sourcecode.swift; path = "String+Ext.swift"; sourceTree = "<group>"; };
		B4D501342869AA510065EB4D /* StorageManager.swift */ = {isa = PBXFileReference; lastKnownFileType = sourcecode.swift; path = StorageManager.swift; sourceTree = "<group>"; };
		B4D501362869AA6C0065EB4D /* PaymentsManager.swift */ = {isa = PBXFileReference; lastKnownFileType = sourcecode.swift; path = PaymentsManager.swift; sourceTree = "<group>"; };
		B4D501382869AA860065EB4D /* PersistenceController.swift */ = {isa = PBXFileReference; lastKnownFileType = sourcecode.swift; path = PersistenceController.swift; sourceTree = "<group>"; };
		B4D5013C2869AAB10065EB4D /* Model.xcdatamodel */ = {isa = PBXFileReference; lastKnownFileType = wrapper.xcdatamodel; path = Model.xcdatamodel; sourceTree = "<group>"; };
		B4D501472869ABCE0065EB4D /* en */ = {isa = PBXFileReference; lastKnownFileType = text.plist.strings; name = en; path = en.lproj/Localizable.strings; sourceTree = "<group>"; };
		B4D501492869ABD20065EB4D /* ru */ = {isa = PBXFileReference; lastKnownFileType = text.plist.strings; name = ru; path = ru.lproj/Localizable.strings; sourceTree = "<group>"; };
		B4DDA7A32898F0890088225C /* IAPReceipt.swift */ = {isa = PBXFileReference; fileEncoding = 4; lastKnownFileType = sourcecode.swift; path = IAPReceipt.swift; sourceTree = "<group>"; };
		B4DDA7A42898F0890088225C /* Receipt.swift */ = {isa = PBXFileReference; fileEncoding = 4; lastKnownFileType = sourcecode.swift; path = Receipt.swift; sourceTree = "<group>"; };
		B4DDA7A52898F0890088225C /* ASN1Helpers.swift */ = {isa = PBXFileReference; fileEncoding = 4; lastKnownFileType = sourcecode.swift; path = ASN1Helpers.swift; sourceTree = "<group>"; };
		B4F01817288AD316009CCA62 /* AppDelegate.swift */ = {isa = PBXFileReference; lastKnownFileType = sourcecode.swift; path = AppDelegate.swift; sourceTree = "<group>"; };
		B4F15B0928979D2800DC8CA2 /* MoneyTracker.entitlements */ = {isa = PBXFileReference; lastKnownFileType = text.plist.entitlements; path = MoneyTracker.entitlements; sourceTree = "<group>"; };
		B4F15B0A28979D8400DC8CA2 /* KeychainManager.swift */ = {isa = PBXFileReference; lastKnownFileType = sourcecode.swift; path = KeychainManager.swift; sourceTree = "<group>"; };
		B4F15B0C2898121100DC8CA2 /* StoreKitTests.swift */ = {isa = PBXFileReference; lastKnownFileType = sourcecode.swift; path = StoreKitTests.swift; sourceTree = "<group>"; };
/* End PBXFileReference section */

/* Begin PBXFrameworksBuildPhase section */
		5A00F454287EDA0100A4820A /* Frameworks */ = {
			isa = PBXFrameworksBuildPhase;
			buildActionMask = 2147483647;
			files = (
			);
			runOnlyForDeploymentPostprocessing = 0;
		};
		B4D5011D2869A87A0065EB4D /* Frameworks */ = {
			isa = PBXFrameworksBuildPhase;
			buildActionMask = 2147483647;
			files = (
				5A4CEC4828B8F678004D387A /* SwiftyJSON in Frameworks */,
				5AF8B6D728B0E60E00D76AEC /* GoogleMobileAds in Frameworks */,
				B4043A132898F840009DB652 /* OpenSSL in Frameworks */,
				5A14B3B928B51F2900F2116F /* PieChart in Frameworks */,
				5A3A6564288570DA0097B179 /* Stinsen in Frameworks */,
				5A0EF6ED289562A5009470DB /* StoreKit.framework in Frameworks */,
			);
			runOnlyForDeploymentPostprocessing = 0;
		};
/* End PBXFrameworksBuildPhase section */

/* Begin PBXGroup section */
		5A00F458287EDA0100A4820A /* MoneyTrackerTests */ = {
			isa = PBXGroup;
			children = (
				5A00F459287EDA0100A4820A /* ValidatorsTests.swift */,
				B4F15B0C2898121100DC8CA2 /* StoreKitTests.swift */,
				5A8D862828A2558800336EAD /* MathematicalExpressionTests.swift */,
			);
			path = MoneyTrackerTests;
			sourceTree = "<group>";
		};
		5A0952B2287E0852006CCE2D /* Managers */ = {
			isa = PBXGroup;
			children = (
				B4D501362869AA6C0065EB4D /* PaymentsManager.swift */,
				B4D501342869AA510065EB4D /* StorageManager.swift */,
				5A0952AF287E0423006CCE2D /* NotificationsManager.swift */,
				5A19B982288333F000C27056 /* TagsManager.swift */,
				B4BD4E9A2892678B004646E2 /* StoreManager.swift */,
				B4F15B0A28979D8400DC8CA2 /* KeychainManager.swift */,
			);
			path = Managers;
			sourceTree = "<group>";
		};
		5A0EF6EB289562A5009470DB /* Frameworks */ = {
			isa = PBXGroup;
			children = (
				5A0EF6EC289562A5009470DB /* StoreKit.framework */,
			);
			name = Frameworks;
			sourceTree = "<group>";
		};
		5A19B98E2883456200C27056 /* Validators */ = {
			isa = PBXGroup;
			children = (
				5A19B98F2883458700C27056 /* EmojiValidator.swift */,
				5A19B9912883460D00C27056 /* TagNameValidator.swift */,
				5A43529D2883E50100C89F44 /* Validator.swift */,
				5A43529F2883E5F800C89F44 /* PriceExpressionValidator.swift */,
			);
			path = Validators;
			sourceTree = "<group>";
		};
		5A2383F4288EAF7900DD60DE /* CurrencyEditor */ = {
			isa = PBXGroup;
			children = (
				5A0952B3287E959C006CCE2D /* CurrencyEditorView.swift */,
				5A2383F2288EAEB400DD60DE /* CurrencyEditorViewModel.swift */,
			);
			path = CurrencyEditor;
			sourceTree = "<group>";
		};
		5A2383F5288EB05700DD60DE /* TagsEditor */ = {
			isa = PBXGroup;
			children = (
				5A19B980288331A200C27056 /* TagsEditorView.swift */,
				5A19B98628833DAC00C27056 /* AddTagView.swift */,
				5A2383F6288EB12700DD60DE /* TagsEditorViewModel.swift */,
			);
			path = TagsEditor;
			sourceTree = "<group>";
		};
		5A460424288FF08500E4A411 /* AboutApp */ = {
			isa = PBXGroup;
			children = (
				5A798FC42885959600A63300 /* AboutAppView.swift */,
				5A460422288FF02600E4A411 /* AboutAppViewModel.swift */,
			);
			path = AboutApp;
			sourceTree = "<group>";
		};
		5A460427288FF48B00E4A411 /* Developer */ = {
			isa = PBXGroup;
			children = (
				5A7C9989288306EB00F95214 /* DeveloperView.swift */,
				5A460428288FF4D300E4A411 /* DeveloperViewModel.swift */,
			);
			path = Developer;
			sourceTree = "<group>";
		};
		5A46042A2890719F00E4A411 /* ResetPayments */ = {
			isa = PBXGroup;
			children = (
				5A798FC22885957E00A63300 /* ResetPaymentsView.swift */,
				5A46042B289071BB00E4A411 /* ResetPaymentsViewModel.swift */,
			);
			path = ResetPayments;
			sourceTree = "<group>";
		};
		5A46042D289073AF00E4A411 /* Notifications */ = {
			isa = PBXGroup;
			children = (
				5A798FC6288599AD00A63300 /* NotificationsView.swift */,
				5A46042E289073BD00E4A411 /* NotificationsViewModel.swift */,
			);
			path = Notifications;
			sourceTree = "<group>";
		};
		5A4604302890743300E4A411 /* Premium */ = {
			isa = PBXGroup;
			children = (
				5AD6E9CE2887D3F1005311C5 /* PremiumView.swift */,
				5ADD33F32891C9FF00C00F1C /* PremiumItemView.swift */,
				5A798FCA28859DC200A63300 /* PremiumBannerView.swift */,
				5A4604322890747700E4A411 /* PremiumViewModel.swift */,
			);
			path = Premium;
			sourceTree = "<group>";
		};
		5A4604312890746300E4A411 /* AddPayment */ = {
			isa = PBXGroup;
			children = (
				5AD41C28287D4EAE00A464B2 /* AddPaymentView.swift */,
				5A4604342890756E00E4A411 /* AddPaymentViewModel.swift */,
			);
			path = AddPayment;
			sourceTree = "<group>";
		};
		5A4CEC3F28B8F5B4004D387A /* Network */ = {
			isa = PBXGroup;
			children = (
				5A4CEC4028B8F5DB004D387A /* HttpResponse.swift */,
				5A4CEC4228B8F5F0004D387A /* HttpMethod.swift */,
				5A4CEC4428B8F643004D387A /* HttpRequest.swift */,
			);
			path = Network;
			sourceTree = "<group>";
		};
		5A557F0A287D9B1800F7B68F /* Entities */ = {
			isa = PBXGroup;
			children = (
				5A557F0B287D9B2800F7B68F /* Filter.swift */,
				5A00F44B287EBE4E00A4820A /* Currency.swift */,
				5A46043628911CA600E4A411 /* Balance.swift */,
				5A3868662895A601006D24CC /* Developer.swift */,
				5A7E84E328AF78DB00715093 /* ExportablePayment.swift */,
				5A7E84E528AF7AEF00715093 /* JsonDocument.swift */,
				5AF8B6D328B0C9ED00D76AEC /* ExportData.swift */,
			);
			path = Entities;
			sourceTree = "<group>";
		};
		5AAFDE8B28846D7E0076ECE7 /* Navigation */ = {
			isa = PBXGroup;
			children = (
				5A3A6565288571120097B179 /* TabsCoordinator.swift */,
				5A3A6567288571600097B179 /* HomeCoordinator.swift */,
				5A3A6569288572BD0097B179 /* SettingsCoordinator.swift */,
			);
			path = Navigation;
			sourceTree = "<group>";
		};
		5AD41C27287D4EA100A464B2 /* UI */ = {
			isa = PBXGroup;
			children = (
				5A4604312890746300E4A411 /* AddPayment */,
				5A4604302890743300E4A411 /* Premium */,
				5A46042D289073AF00E4A411 /* Notifications */,
				5A46042A2890719F00E4A411 /* ResetPayments */,
				5A460427288FF48B00E4A411 /* Developer */,
				5A460424288FF08500E4A411 /* AboutApp */,
				5A2383F5288EB05700DD60DE /* TagsEditor */,
				5A2383F4288EAF7900DD60DE /* CurrencyEditor */,
				5AFA66D92883067200088D53 /* Home */,
				5AFA66D82883065C00088D53 /* Settings */,
				5A00F44F287EC72400A4820A /* SearchBarView.swift */,
				5AF8B6D828B0E82800D76AEC /* AdBanner.swift */,
			);
			path = UI;
			sourceTree = "<group>";
		};
		5AFA66D82883065C00088D53 /* Settings */ = {
			isa = PBXGroup;
			children = (
				5A557F08287D87BD00F7B68F /* SettingsView.swift */,
				5A798FC828859C6100A63300 /* SettingsItemView.swift */,
				5A2383F0288DE05100DD60DE /* SettingsViewModel.swift */,
			);
			path = Settings;
			sourceTree = "<group>";
		};
		5AFA66D92883067200088D53 /* Home */ = {
			isa = PBXGroup;
			children = (
				5AD41C2A287D4ECE00A464B2 /* HomeView.swift */,
				5A00F46B287F313700A4820A /* PaymentItemView.swift */,
				5A798FCC2885A16000A63300 /* HomeBalanceView.swift */,
				5A798FCE2885A1B000A63300 /* HomeBalance2View.swift */,
				5A2383EC288DD20F00DD60DE /* HomeViewModel.swift */,
			);
			path = Home;
			sourceTree = "<group>";
		};
		5AFED6DF28918D0D00E33D66 /* Publishers */ = {
			isa = PBXGroup;
			children = (
				5AFED6E028918D1A00E33D66 /* TagsPublisher.swift */,
				5ADD33D4289193F700C00F1C /* PaymentsPublisher.swift */,
				5ADD33D62891951900C00F1C /* BalancePublisher.swift */,
				5AA1298528B3DB69004BAF12 /* PremiumPublisher.swift */,
			);
			path = Publishers;
			sourceTree = "<group>";
		};
		B4D501172869A87A0065EB4D = {
			isa = PBXGroup;
			children = (
				5A94655E28B4DA6A00E01BC8 /* Configuration.storekit */,
				B4043A152899148F009DB652 /* AppleIncRootCertificate.cer */,
				B4D501222869A87A0065EB4D /* MoneyTracker */,
				5A00F458287EDA0100A4820A /* MoneyTrackerTests */,
				B4D501212869A87A0065EB4D /* Products */,
				5A0EF6EB289562A5009470DB /* Frameworks */,
			);
			sourceTree = "<group>";
		};
		B4D501212869A87A0065EB4D /* Products */ = {
			isa = PBXGroup;
			children = (
				B4D501202869A87A0065EB4D /* MoneyTracker.app */,
				5A00F457287EDA0100A4820A /* MoneyTrackerTests.xctest */,
			);
			name = Products;
			sourceTree = "<group>";
		};
		B4D501222869A87A0065EB4D /* MoneyTracker */ = {
			isa = PBXGroup;
			children = (
				B4F15B0928979D2800DC8CA2 /* MoneyTracker.entitlements */,
				5A4CEC3F28B8F5B4004D387A /* Network */,
				5AFED6DF28918D0D00E33D66 /* Publishers */,
				5AAFDE8B28846D7E0076ECE7 /* Navigation */,
				5AD41C27287D4EA100A464B2 /* UI */,
				5A19B98E2883456200C27056 /* Validators */,
				5A0952B2287E0852006CCE2D /* Managers */,
				B4DDA7A22898F0890088225C /* Receipt */,
				5A557F0A287D9B1800F7B68F /* Entities */,
				B4D5013A2869AA900065EB4D /* Database */,
				B4D501332869AA1B0065EB4D /* Extension */,
				B4D501292869A87C0065EB4D /* Preview Content */,
				B4F01817288AD316009CCA62 /* AppDelegate.swift */,
				B4D501232869A87A0065EB4D /* MoneyTrackerApp.swift */,
				5AD41C25287D4A0500A464B2 /* Static.swift */,
				5A00F44D287EBF2700A4820A /* Currencies.swift */,
				5AFA66D62882C07100088D53 /* MathematicalExpression.swift */,
				B4D501482869ABCE0065EB4D /* Localizable.strings */,
				B42D29A3287EE10900F324CE /* Launch Screen.storyboard */,
				B4D501272869A87C0065EB4D /* Assets.xcassets */,
				5A00F462287EDE0800A4820A /* Info.plist */,
				5A460425288FF18200E4A411 /* BaseViewModel.swift */,
				5A5DEB2428AD418800496571 /* DeviceSupportHelper.swift */,
				5A4580EB28B2C7A1006088FA /* ManagersContainer.swift */,
			);
			path = MoneyTracker;
			sourceTree = "<group>";
		};
		B4D501292869A87C0065EB4D /* Preview Content */ = {
			isa = PBXGroup;
			children = (
				B4D5012A2869A87C0065EB4D /* Preview Assets.xcassets */,
			);
			path = "Preview Content";
			sourceTree = "<group>";
		};
		B4D501332869AA1B0065EB4D /* Extension */ = {
			isa = PBXGroup;
			children = (
				B4D501312869A9ED0065EB4D /* String+Ext.swift */,
				5A19B984288335FB00C27056 /* Tag.swift */,
				5A19B98C288343D300C27056 /* Toast.swift */,
				5A4352A12883EB7500C89F44 /* Character.swift */,
				5A4352A32883EB8900C89F44 /* String.swift */,
				5AAFDE892884418B0076ECE7 /* Date.swift */,
				B425FB7128992A8600D32BB1 /* SKProduct.swift */,
				5A2383EE288DD68500DD60DE /* Payment.swift */,
				5ADD33F52891DBF500C00F1C /* View.swift */,
				5A4CEC4928B8F6BC004D387A /* URLSession.swift */,
			);
			path = Extension;
			sourceTree = "<group>";
		};
		B4D5013A2869AA900065EB4D /* Database */ = {
			isa = PBXGroup;
			children = (
				B4D501382869AA860065EB4D /* PersistenceController.swift */,
				B4D5013B2869AAB10065EB4D /* Model.xcdatamodeld */,
			);
			path = Database;
			sourceTree = "<group>";
		};
		B4DDA7A22898F0890088225C /* Receipt */ = {
			isa = PBXGroup;
			children = (
				B4DDA7A32898F0890088225C /* IAPReceipt.swift */,
				B4DDA7A42898F0890088225C /* Receipt.swift */,
				B4DDA7A52898F0890088225C /* ASN1Helpers.swift */,
			);
			path = Receipt;
			sourceTree = "<group>";
		};
/* End PBXGroup section */

/* Begin PBXNativeTarget section */
		5A00F456287EDA0100A4820A /* MoneyTrackerTests */ = {
			isa = PBXNativeTarget;
			buildConfigurationList = 5A00F45F287EDA0100A4820A /* Build configuration list for PBXNativeTarget "MoneyTrackerTests" */;
			buildPhases = (
				5A00F453287EDA0100A4820A /* Sources */,
				5A00F454287EDA0100A4820A /* Frameworks */,
				5A00F455287EDA0100A4820A /* Resources */,
			);
			buildRules = (
			);
			dependencies = (
				5A00F45C287EDA0100A4820A /* PBXTargetDependency */,
			);
			name = MoneyTrackerTests;
			productName = MoneyTrackerTests;
			productReference = 5A00F457287EDA0100A4820A /* MoneyTrackerTests.xctest */;
			productType = "com.apple.product-type.bundle.unit-test";
		};
		B4D5011F2869A87A0065EB4D /* MoneyTracker */ = {
			isa = PBXNativeTarget;
			buildConfigurationList = B4D5012E2869A87C0065EB4D /* Build configuration list for PBXNativeTarget "MoneyTracker" */;
			buildPhases = (
				B4D5011C2869A87A0065EB4D /* Sources */,
				B4D5011D2869A87A0065EB4D /* Frameworks */,
				B4D5011E2869A87A0065EB4D /* Resources */,
				5A5DEB4B28AD4E0B00496571 /* Embed Watch Content */,
				5A4580EA28B2C36A006088FA /* ShellScript */,
			);
			buildRules = (
			);
			dependencies = (
			);
			name = MoneyTracker;
			packageProductDependencies = (
				5A3A6563288570DA0097B179 /* Stinsen */,
				B4043A122898F840009DB652 /* OpenSSL */,
				5AF8B6D628B0E60E00D76AEC /* GoogleMobileAds */,
				5A14B3B828B51F2900F2116F /* PieChart */,
				5A4CEC4728B8F678004D387A /* SwiftyJSON */,
			);
			productName = MoneyTracker;
			productReference = B4D501202869A87A0065EB4D /* MoneyTracker.app */;
			productType = "com.apple.product-type.application";
		};
/* End PBXNativeTarget section */

/* Begin PBXProject section */
		B4D501182869A87A0065EB4D /* Project object */ = {
			isa = PBXProject;
			attributes = {
				BuildIndependentTargetsInParallel = 1;
				LastSwiftUpdateCheck = 1340;
				LastUpgradeCheck = 1340;
				TargetAttributes = {
					5A00F456287EDA0100A4820A = {
						CreatedOnToolsVersion = 13.4.1;
						TestTargetID = B4D5011F2869A87A0065EB4D;
					};
					B4D5011F2869A87A0065EB4D = {
						CreatedOnToolsVersion = 13.4.1;
					};
				};
			};
			buildConfigurationList = B4D5011B2869A87A0065EB4D /* Build configuration list for PBXProject "MoneyTracker" */;
			compatibilityVersion = "Xcode 12.0";
			developmentRegion = en;
			hasScannedForEncodings = 0;
			knownRegions = (
				en,
				ru,
				uk,
			);
			mainGroup = B4D501172869A87A0065EB4D;
			packageReferences = (
				5A3A6562288570DA0097B179 /* XCRemoteSwiftPackageReference "stinsen" */,
				B4043A112898F840009DB652 /* XCRemoteSwiftPackageReference "OpenSSL" */,
				5AF8B6D528B0E60E00D76AEC /* XCRemoteSwiftPackageReference "swift-package-manager-google-mobile-ads" */,
				5A14B3B728B51F2900F2116F /* XCRemoteSwiftPackageReference "PieChart-SwiftUI" */,
				5A4CEC4628B8F678004D387A /* XCRemoteSwiftPackageReference "SwiftyJSON" */,
			);
			productRefGroup = B4D501212869A87A0065EB4D /* Products */;
			projectDirPath = "";
			projectRoot = "";
			targets = (
				B4D5011F2869A87A0065EB4D /* MoneyTracker */,
				5A00F456287EDA0100A4820A /* MoneyTrackerTests */,
			);
		};
/* End PBXProject section */

/* Begin PBXResourcesBuildPhase section */
		5A00F455287EDA0100A4820A /* Resources */ = {
			isa = PBXResourcesBuildPhase;
			buildActionMask = 2147483647;
			files = (
			);
			runOnlyForDeploymentPostprocessing = 0;
		};
		B4D5011E2869A87A0065EB4D /* Resources */ = {
			isa = PBXResourcesBuildPhase;
			buildActionMask = 2147483647;
			files = (
				B42D29A4287EE10900F324CE /* Launch Screen.storyboard in Resources */,
				B4D5012B2869A87C0065EB4D /* Preview Assets.xcassets in Resources */,
				B4D501462869ABCE0065EB4D /* Localizable.strings in Resources */,
				B4043A162899148F009DB652 /* AppleIncRootCertificate.cer in Resources */,
				B4D501282869A87C0065EB4D /* Assets.xcassets in Resources */,
			);
			runOnlyForDeploymentPostprocessing = 0;
		};
/* End PBXResourcesBuildPhase section */

/* Begin PBXShellScriptBuildPhase section */
		5A4580EA28B2C36A006088FA /* ShellScript */ = {
			isa = PBXShellScriptBuildPhase;
			buildActionMask = 2147483647;
			files = (
			);
			inputFileListPaths = (
			);
			inputPaths = (
			);
			outputFileListPaths = (
			);
			outputPaths = (
			);
			runOnlyForDeploymentPostprocessing = 0;
			shellPath = /bin/sh;
			shellScript = "export PATH=\"$PATH:/opt/homebrew/bin\"\nif which swiftlint > /dev/null; then\n  swiftlint\nelse\n  echo \"warning: SwiftLint not installed, download from https://github.com/realm/SwiftLint\"\nfi\n";
		};
/* End PBXShellScriptBuildPhase section */

/* Begin PBXSourcesBuildPhase section */
		5A00F453287EDA0100A4820A /* Sources */ = {
			isa = PBXSourcesBuildPhase;
			buildActionMask = 2147483647;
			files = (
				5A8D862928A2558800336EAD /* MathematicalExpressionTests.swift in Sources */,
				B4F15B0D2898121100DC8CA2 /* StoreKitTests.swift in Sources */,
				5A00F45A287EDA0100A4820A /* ValidatorsTests.swift in Sources */,
			);
			runOnlyForDeploymentPostprocessing = 0;
		};
		B4D5011C2869A87A0065EB4D /* Sources */ = {
			isa = PBXSourcesBuildPhase;
			buildActionMask = 2147483647;
			files = (
				5A798FCB28859DC200A63300 /* PremiumBannerView.swift in Sources */,
				5A4352A02883E5F800C89F44 /* PriceExpressionValidator.swift in Sources */,
				5A798FC7288599AD00A63300 /* NotificationsView.swift in Sources */,
				5A00F46C287F313700A4820A /* PaymentItemView.swift in Sources */,
				5A46042C289071BB00E4A411 /* ResetPaymentsViewModel.swift in Sources */,
				5A4CEC4528B8F643004D387A /* HttpRequest.swift in Sources */,
				5ADD33F62891DBF500C00F1C /* View.swift in Sources */,
				5ADD33D5289193F700C00F1C /* PaymentsPublisher.swift in Sources */,
				5A4352A22883EB7500C89F44 /* Character.swift in Sources */,
				5AFED6E128918D1A00E33D66 /* TagsPublisher.swift in Sources */,
				5AFA66D72882C07100088D53 /* MathematicalExpression.swift in Sources */,
				B4D501322869A9ED0065EB4D /* String+Ext.swift in Sources */,
				5A46043728911CA700E4A411 /* Balance.swift in Sources */,
				5A460429288FF4D300E4A411 /* DeveloperViewModel.swift in Sources */,
				5A19B981288331A200C27056 /* TagsEditorView.swift in Sources */,
				5ADD33D72891951900C00F1C /* BalancePublisher.swift in Sources */,
				5A557F0C287D9B2800F7B68F /* Filter.swift in Sources */,
				5AF8B6D428B0C9ED00D76AEC /* ExportData.swift in Sources */,
				5A0952B4287E959C006CCE2D /* CurrencyEditorView.swift in Sources */,
				5A4580EC28B2C7A1006088FA /* ManagersContainer.swift in Sources */,
				5A19B98728833DAC00C27056 /* AddTagView.swift in Sources */,
				5A4604332890747700E4A411 /* PremiumViewModel.swift in Sources */,
				B425FB7228992A8600D32BB1 /* SKProduct.swift in Sources */,
				5AF8B6D928B0E82800D76AEC /* AdBanner.swift in Sources */,
				5A5DEB2528AD418800496571 /* DeviceSupportHelper.swift in Sources */,
				5AD6E9CF2887D3F1005311C5 /* PremiumView.swift in Sources */,
				5AD41C29287D4EAE00A464B2 /* AddPaymentView.swift in Sources */,
				B4F01818288AD316009CCA62 /* AppDelegate.swift in Sources */,
				5AD41C2B287D4ECE00A464B2 /* HomeView.swift in Sources */,
				B4DDA7A82898F0890088225C /* ASN1Helpers.swift in Sources */,
				5A798FCD2885A16000A63300 /* HomeBalanceView.swift in Sources */,
				B4DDA7A62898F0890088225C /* IAPReceipt.swift in Sources */,
				B4D501242869A87A0065EB4D /* MoneyTrackerApp.swift in Sources */,
				5A7E84E428AF78DB00715093 /* ExportablePayment.swift in Sources */,
				B4D5013D2869AAB10065EB4D /* Model.xcdatamodeld in Sources */,
				5A4CEC4A28B8F6BC004D387A /* URLSession.swift in Sources */,
				5A00F450287EC72400A4820A /* SearchBarView.swift in Sources */,
				5A46042F289073BD00E4A411 /* NotificationsViewModel.swift in Sources */,
				5A7E84E628AF7AEF00715093 /* JsonDocument.swift in Sources */,
				5A798FCF2885A1B000A63300 /* HomeBalance2View.swift in Sources */,
				5A00F44C287EBE4E00A4820A /* Currency.swift in Sources */,
				5A19B98D288343D300C27056 /* Toast.swift in Sources */,
				5A2383EF288DD68500DD60DE /* Payment.swift in Sources */,
				5A19B9902883458800C27056 /* EmojiValidator.swift in Sources */,
				5A0952B0287E0423006CCE2D /* NotificationsManager.swift in Sources */,
				5A00F44E287EBF2700A4820A /* Currencies.swift in Sources */,
				5A2383F1288DE05100DD60DE /* SettingsViewModel.swift in Sources */,
				5A2383F7288EB12700DD60DE /* TagsEditorViewModel.swift in Sources */,
				5A460426288FF18200E4A411 /* BaseViewModel.swift in Sources */,
				5A460423288FF02600E4A411 /* AboutAppViewModel.swift in Sources */,
				5A3868672895A601006D24CC /* Developer.swift in Sources */,
				5A19B9922883460D00C27056 /* TagNameValidator.swift in Sources */,
				B4D501392869AA860065EB4D /* PersistenceController.swift in Sources */,
				5A3A6566288571120097B179 /* TabsCoordinator.swift in Sources */,
				5A4CEC4128B8F5DB004D387A /* HttpResponse.swift in Sources */,
				5A2383F3288EAEB400DD60DE /* CurrencyEditorViewModel.swift in Sources */,
				5AA1298628B3DB69004BAF12 /* PremiumPublisher.swift in Sources */,
				5A2383ED288DD20F00DD60DE /* HomeViewModel.swift in Sources */,
				B4BD4E9B2892678B004646E2 /* StoreManager.swift in Sources */,
				5ADD33F42891C9FF00C00F1C /* PremiumItemView.swift in Sources */,
				5A7C998A288306EB00F95214 /* DeveloperView.swift in Sources */,
				5A4CEC4328B8F5F0004D387A /* HttpMethod.swift in Sources */,
				B4D501372869AA6C0065EB4D /* PaymentsManager.swift in Sources */,
				5A3A656A288572BD0097B179 /* SettingsCoordinator.swift in Sources */,
				B4D501352869AA510065EB4D /* StorageManager.swift in Sources */,
				5A798FC928859C6100A63300 /* SettingsItemView.swift in Sources */,
				5AD41C26287D4A0500A464B2 /* Static.swift in Sources */,
				B4DDA7A72898F0890088225C /* Receipt.swift in Sources */,
				5A4352A42883EB8900C89F44 /* String.swift in Sources */,
				5AAFDE8A2884418B0076ECE7 /* Date.swift in Sources */,
				5A4604352890756E00E4A411 /* AddPaymentViewModel.swift in Sources */,
				5A19B983288333F000C27056 /* TagsManager.swift in Sources */,
				5A19B985288335FB00C27056 /* Tag.swift in Sources */,
				5A43529E2883E50100C89F44 /* Validator.swift in Sources */,
				B4F15B0B28979D8400DC8CA2 /* KeychainManager.swift in Sources */,
				5A798FC52885959600A63300 /* AboutAppView.swift in Sources */,
				5A557F09287D87BD00F7B68F /* SettingsView.swift in Sources */,
				5A798FC32885957E00A63300 /* ResetPaymentsView.swift in Sources */,
				5A3A6568288571600097B179 /* HomeCoordinator.swift in Sources */,
			);
			runOnlyForDeploymentPostprocessing = 0;
		};
/* End PBXSourcesBuildPhase section */

/* Begin PBXTargetDependency section */
		5A00F45C287EDA0100A4820A /* PBXTargetDependency */ = {
			isa = PBXTargetDependency;
			target = B4D5011F2869A87A0065EB4D /* MoneyTracker */;
			targetProxy = 5A00F45B287EDA0100A4820A /* PBXContainerItemProxy */;
		};
/* End PBXTargetDependency section */

/* Begin PBXVariantGroup section */
		B4D501482869ABCE0065EB4D /* Localizable.strings */ = {
			isa = PBXVariantGroup;
			children = (
				B4D501472869ABCE0065EB4D /* en */,
				B4D501492869ABD20065EB4D /* ru */,
				5A14B3BA28B5295600F2116F /* uk */,
			);
			name = Localizable.strings;
			sourceTree = "<group>";
		};
/* End PBXVariantGroup section */

/* Begin XCBuildConfiguration section */
		5A00F45D287EDA0100A4820A /* Debug */ = {
			isa = XCBuildConfiguration;
			buildSettings = {
				BUNDLE_LOADER = "$(TEST_HOST)";
				CODE_SIGN_STYLE = Automatic;
				CURRENT_PROJECT_VERSION = 1;
				DEVELOPMENT_TEAM = 534C989ZLQ;
				GENERATE_INFOPLIST_FILE = YES;
				MARKETING_VERSION = 1.0;
				PRODUCT_BUNDLE_IDENTIFIER = kotleni.MoneyTrackerTests;
				PRODUCT_NAME = "$(TARGET_NAME)";
				SWIFT_EMIT_LOC_STRINGS = NO;
				SWIFT_VERSION = 5.0;
				TARGETED_DEVICE_FAMILY = "1,2";
				TEST_HOST = "$(BUILT_PRODUCTS_DIR)/MoneyTracker.app/MoneyTracker";
			};
			name = Debug;
		};
		5A00F45E287EDA0100A4820A /* Release */ = {
			isa = XCBuildConfiguration;
			buildSettings = {
				BUNDLE_LOADER = "$(TEST_HOST)";
				CODE_SIGN_STYLE = Automatic;
				CURRENT_PROJECT_VERSION = 1;
				DEVELOPMENT_TEAM = 534C989ZLQ;
				GENERATE_INFOPLIST_FILE = YES;
				MARKETING_VERSION = 1.0;
				PRODUCT_BUNDLE_IDENTIFIER = kotleni.MoneyTrackerTests;
				PRODUCT_NAME = "$(TARGET_NAME)";
				SWIFT_EMIT_LOC_STRINGS = NO;
				SWIFT_VERSION = 5.0;
				TARGETED_DEVICE_FAMILY = "1,2";
				TEST_HOST = "$(BUILT_PRODUCTS_DIR)/MoneyTracker.app/MoneyTracker";
			};
			name = Release;
		};
		B4D5012C2869A87C0065EB4D /* Debug */ = {
			isa = XCBuildConfiguration;
			buildSettings = {
				ALWAYS_SEARCH_USER_PATHS = NO;
				CLANG_ANALYZER_NONNULL = YES;
				CLANG_ANALYZER_NUMBER_OBJECT_CONVERSION = YES_AGGRESSIVE;
				CLANG_CXX_LANGUAGE_STANDARD = "gnu++17";
				CLANG_ENABLE_MODULES = YES;
				CLANG_ENABLE_OBJC_ARC = YES;
				CLANG_ENABLE_OBJC_WEAK = YES;
				CLANG_WARN_BLOCK_CAPTURE_AUTORELEASING = YES;
				CLANG_WARN_BOOL_CONVERSION = YES;
				CLANG_WARN_COMMA = YES;
				CLANG_WARN_CONSTANT_CONVERSION = YES;
				CLANG_WARN_DEPRECATED_OBJC_IMPLEMENTATIONS = YES;
				CLANG_WARN_DIRECT_OBJC_ISA_USAGE = YES_ERROR;
				CLANG_WARN_DOCUMENTATION_COMMENTS = YES;
				CLANG_WARN_EMPTY_BODY = YES;
				CLANG_WARN_ENUM_CONVERSION = YES;
				CLANG_WARN_INFINITE_RECURSION = YES;
				CLANG_WARN_INT_CONVERSION = YES;
				CLANG_WARN_NON_LITERAL_NULL_CONVERSION = YES;
				CLANG_WARN_OBJC_IMPLICIT_RETAIN_SELF = YES;
				CLANG_WARN_OBJC_LITERAL_CONVERSION = YES;
				CLANG_WARN_OBJC_ROOT_CLASS = YES_ERROR;
				CLANG_WARN_QUOTED_INCLUDE_IN_FRAMEWORK_HEADER = YES;
				CLANG_WARN_RANGE_LOOP_ANALYSIS = YES;
				CLANG_WARN_STRICT_PROTOTYPES = YES;
				CLANG_WARN_SUSPICIOUS_MOVE = YES;
				CLANG_WARN_UNGUARDED_AVAILABILITY = YES_AGGRESSIVE;
				CLANG_WARN_UNREACHABLE_CODE = YES;
				CLANG_WARN__DUPLICATE_METHOD_MATCH = YES;
				COPY_PHASE_STRIP = NO;
				DEBUG_INFORMATION_FORMAT = dwarf;
				ENABLE_STRICT_OBJC_MSGSEND = YES;
				ENABLE_TESTABILITY = YES;
				GCC_C_LANGUAGE_STANDARD = gnu11;
				GCC_DYNAMIC_NO_PIC = NO;
				GCC_NO_COMMON_BLOCKS = YES;
				GCC_OPTIMIZATION_LEVEL = 0;
				GCC_PREPROCESSOR_DEFINITIONS = (
					"DEBUG=1",
					"$(inherited)",
				);
				GCC_WARN_64_TO_32_BIT_CONVERSION = YES;
				GCC_WARN_ABOUT_RETURN_TYPE = YES_ERROR;
				GCC_WARN_UNDECLARED_SELECTOR = YES;
				GCC_WARN_UNINITIALIZED_AUTOS = YES_AGGRESSIVE;
				GCC_WARN_UNUSED_FUNCTION = YES;
				GCC_WARN_UNUSED_VARIABLE = YES;
				IPHONEOS_DEPLOYMENT_TARGET = 15.5;
				MTL_ENABLE_DEBUG_INFO = INCLUDE_SOURCE;
				MTL_FAST_MATH = YES;
				ONLY_ACTIVE_ARCH = YES;
				SDKROOT = iphoneos;
				SWIFT_ACTIVE_COMPILATION_CONDITIONS = DEBUG;
				SWIFT_OPTIMIZATION_LEVEL = "-Onone";
			};
			name = Debug;
		};
		B4D5012D2869A87C0065EB4D /* Release */ = {
			isa = XCBuildConfiguration;
			buildSettings = {
				ALWAYS_SEARCH_USER_PATHS = NO;
				CLANG_ANALYZER_NONNULL = YES;
				CLANG_ANALYZER_NUMBER_OBJECT_CONVERSION = YES_AGGRESSIVE;
				CLANG_CXX_LANGUAGE_STANDARD = "gnu++17";
				CLANG_ENABLE_MODULES = YES;
				CLANG_ENABLE_OBJC_ARC = YES;
				CLANG_ENABLE_OBJC_WEAK = YES;
				CLANG_WARN_BLOCK_CAPTURE_AUTORELEASING = YES;
				CLANG_WARN_BOOL_CONVERSION = YES;
				CLANG_WARN_COMMA = YES;
				CLANG_WARN_CONSTANT_CONVERSION = YES;
				CLANG_WARN_DEPRECATED_OBJC_IMPLEMENTATIONS = YES;
				CLANG_WARN_DIRECT_OBJC_ISA_USAGE = YES_ERROR;
				CLANG_WARN_DOCUMENTATION_COMMENTS = YES;
				CLANG_WARN_EMPTY_BODY = YES;
				CLANG_WARN_ENUM_CONVERSION = YES;
				CLANG_WARN_INFINITE_RECURSION = YES;
				CLANG_WARN_INT_CONVERSION = YES;
				CLANG_WARN_NON_LITERAL_NULL_CONVERSION = YES;
				CLANG_WARN_OBJC_IMPLICIT_RETAIN_SELF = YES;
				CLANG_WARN_OBJC_LITERAL_CONVERSION = YES;
				CLANG_WARN_OBJC_ROOT_CLASS = YES_ERROR;
				CLANG_WARN_QUOTED_INCLUDE_IN_FRAMEWORK_HEADER = YES;
				CLANG_WARN_RANGE_LOOP_ANALYSIS = YES;
				CLANG_WARN_STRICT_PROTOTYPES = YES;
				CLANG_WARN_SUSPICIOUS_MOVE = YES;
				CLANG_WARN_UNGUARDED_AVAILABILITY = YES_AGGRESSIVE;
				CLANG_WARN_UNREACHABLE_CODE = YES;
				CLANG_WARN__DUPLICATE_METHOD_MATCH = YES;
				COPY_PHASE_STRIP = NO;
				DEBUG_INFORMATION_FORMAT = "dwarf-with-dsym";
				ENABLE_NS_ASSERTIONS = NO;
				ENABLE_STRICT_OBJC_MSGSEND = YES;
				GCC_C_LANGUAGE_STANDARD = gnu11;
				GCC_NO_COMMON_BLOCKS = YES;
				GCC_WARN_64_TO_32_BIT_CONVERSION = YES;
				GCC_WARN_ABOUT_RETURN_TYPE = YES_ERROR;
				GCC_WARN_UNDECLARED_SELECTOR = YES;
				GCC_WARN_UNINITIALIZED_AUTOS = YES_AGGRESSIVE;
				GCC_WARN_UNUSED_FUNCTION = YES;
				GCC_WARN_UNUSED_VARIABLE = YES;
				IPHONEOS_DEPLOYMENT_TARGET = 15.5;
				MTL_ENABLE_DEBUG_INFO = NO;
				MTL_FAST_MATH = YES;
				SDKROOT = iphoneos;
				SWIFT_COMPILATION_MODE = wholemodule;
				SWIFT_OPTIMIZATION_LEVEL = "-O";
				VALIDATE_PRODUCT = YES;
			};
			name = Release;
		};
		B4D5012F2869A87C0065EB4D /* Debug */ = {
			isa = XCBuildConfiguration;
			buildSettings = {
				ASSETCATALOG_COMPILER_APPICON_NAME = AppIcon;
				ASSETCATALOG_COMPILER_GLOBAL_ACCENT_COLOR_NAME = AccentColor;
				ASSETCATALOG_COMPILER_INCLUDE_ALL_APPICON_ASSETS = NO;
				CODE_SIGN_ENTITLEMENTS = MoneyTracker/MoneyTracker.entitlements;
				CODE_SIGN_IDENTITY = "Apple Development";
				CODE_SIGN_STYLE = Automatic;
				CURRENT_PROJECT_VERSION = 36;
				DEVELOPMENT_ASSET_PATHS = "\"MoneyTracker/Preview Content\"";
				DEVELOPMENT_TEAM = 534C989ZLQ;
				ENABLE_PREVIEWS = YES;
				GENERATE_INFOPLIST_FILE = YES;
				INFOPLIST_FILE = MoneyTracker/Info.plist;
				INFOPLIST_KEY_UIApplicationSupportsIndirectInputEvents = YES;
				INFOPLIST_KEY_UILaunchStoryboardName = "Launch Screen";
				INFOPLIST_KEY_UIMainStoryboardFile = "Launch Screen";
				INFOPLIST_KEY_UIRequiresFullScreen = YES;
				INFOPLIST_KEY_UISupportedInterfaceOrientations_iPad = "UIInterfaceOrientationPortrait UIInterfaceOrientationLandscapeLeft UIInterfaceOrientationLandscapeRight";
				INFOPLIST_KEY_UISupportedInterfaceOrientations_iPhone = "UIInterfaceOrientationLandscapeRight UIInterfaceOrientationPortrait UIInterfaceOrientationLandscapeLeft";
				IPHONEOS_DEPLOYMENT_TARGET = 15.0;
				LD_RUNPATH_SEARCH_PATHS = (
					"$(inherited)",
					"@executable_path/Frameworks",
				);
				MARKETING_VERSION = 3.12.3;
				OTHER_LDFLAGS = "-ObjC";
				PRODUCT_BUNDLE_IDENTIFIER = kotleni.MoneyTracker;
				PRODUCT_NAME = "$(TARGET_NAME)";
				PROVISIONING_PROFILE_SPECIFIER = "";
				SUPPORTED_PLATFORMS = "iphoneos iphonesimulator";
				SUPPORTS_MACCATALYST = NO;
				SUPPORTS_MAC_DESIGNED_FOR_IPHONE_IPAD = YES;
				SWIFT_EMIT_LOC_STRINGS = YES;
				SWIFT_VERSION = 5.0;
				TARGETED_DEVICE_FAMILY = "1,2";
			};
			name = Debug;
		};
		B4D501302869A87C0065EB4D /* Release */ = {
			isa = XCBuildConfiguration;
			buildSettings = {
				ASSETCATALOG_COMPILER_APPICON_NAME = AppIcon;
				ASSETCATALOG_COMPILER_GLOBAL_ACCENT_COLOR_NAME = AccentColor;
				ASSETCATALOG_COMPILER_INCLUDE_ALL_APPICON_ASSETS = NO;
				CODE_SIGN_ENTITLEMENTS = MoneyTracker/MoneyTracker.entitlements;
				CODE_SIGN_IDENTITY = "Apple Development";
				CODE_SIGN_STYLE = Automatic;
				CURRENT_PROJECT_VERSION = 36;
				DEVELOPMENT_ASSET_PATHS = "\"MoneyTracker/Preview Content\"";
				DEVELOPMENT_TEAM = 534C989ZLQ;
				ENABLE_PREVIEWS = YES;
				GENERATE_INFOPLIST_FILE = YES;
				INFOPLIST_FILE = MoneyTracker/Info.plist;
				INFOPLIST_KEY_UIApplicationSupportsIndirectInputEvents = YES;
				INFOPLIST_KEY_UILaunchStoryboardName = "Launch Screen";
				INFOPLIST_KEY_UIMainStoryboardFile = "Launch Screen";
				INFOPLIST_KEY_UIRequiresFullScreen = YES;
				INFOPLIST_KEY_UISupportedInterfaceOrientations_iPad = "UIInterfaceOrientationPortrait UIInterfaceOrientationLandscapeLeft UIInterfaceOrientationLandscapeRight";
				INFOPLIST_KEY_UISupportedInterfaceOrientations_iPhone = "UIInterfaceOrientationLandscapeRight UIInterfaceOrientationPortrait UIInterfaceOrientationLandscapeLeft";
				IPHONEOS_DEPLOYMENT_TARGET = 15.0;
				LD_RUNPATH_SEARCH_PATHS = (
					"$(inherited)",
					"@executable_path/Frameworks",
				);
				MARKETING_VERSION = 3.12.3;
				OTHER_LDFLAGS = "-ObjC";
				PRODUCT_BUNDLE_IDENTIFIER = kotleni.MoneyTracker;
				PRODUCT_NAME = "$(TARGET_NAME)";
				PROVISIONING_PROFILE_SPECIFIER = "";
				SUPPORTED_PLATFORMS = "iphoneos iphonesimulator";
				SUPPORTS_MACCATALYST = NO;
				SUPPORTS_MAC_DESIGNED_FOR_IPHONE_IPAD = YES;
				SWIFT_EMIT_LOC_STRINGS = YES;
				SWIFT_VERSION = 5.0;
				TARGETED_DEVICE_FAMILY = "1,2";
			};
			name = Release;
		};
/* End XCBuildConfiguration section */

/* Begin XCConfigurationList section */
		5A00F45F287EDA0100A4820A /* Build configuration list for PBXNativeTarget "MoneyTrackerTests" */ = {
			isa = XCConfigurationList;
			buildConfigurations = (
				5A00F45D287EDA0100A4820A /* Debug */,
				5A00F45E287EDA0100A4820A /* Release */,
			);
			defaultConfigurationIsVisible = 0;
			defaultConfigurationName = Release;
		};
		B4D5011B2869A87A0065EB4D /* Build configuration list for PBXProject "MoneyTracker" */ = {
			isa = XCConfigurationList;
			buildConfigurations = (
				B4D5012C2869A87C0065EB4D /* Debug */,
				B4D5012D2869A87C0065EB4D /* Release */,
			);
			defaultConfigurationIsVisible = 0;
			defaultConfigurationName = Release;
		};
		B4D5012E2869A87C0065EB4D /* Build configuration list for PBXNativeTarget "MoneyTracker" */ = {
			isa = XCConfigurationList;
			buildConfigurations = (
				B4D5012F2869A87C0065EB4D /* Debug */,
				B4D501302869A87C0065EB4D /* Release */,
			);
			defaultConfigurationIsVisible = 0;
			defaultConfigurationName = Release;
		};
/* End XCConfigurationList section */

/* Begin XCRemoteSwiftPackageReference section */
		5A14B3B728B51F2900F2116F /* XCRemoteSwiftPackageReference "PieChart-SwiftUI" */ = {
			isa = XCRemoteSwiftPackageReference;
			repositoryURL = "https://github.com/kotleni/PieChart-SwiftUI";
			requirement = {
				branch = master;
				kind = branch;
			};
		};
		5A3A6562288570DA0097B179 /* XCRemoteSwiftPackageReference "stinsen" */ = {
			isa = XCRemoteSwiftPackageReference;
			repositoryURL = "https://github.com/rundfunk47/stinsen";
			requirement = {
				branch = master;
				kind = branch;
			};
		};
		5A4CEC4628B8F678004D387A /* XCRemoteSwiftPackageReference "SwiftyJSON" */ = {
			isa = XCRemoteSwiftPackageReference;
			repositoryURL = "https://github.com/SwiftyJSON/SwiftyJSON";
			requirement = {
				branch = master;
				kind = branch;
			};
		};
		5AF8B6D528B0E60E00D76AEC /* XCRemoteSwiftPackageReference "swift-package-manager-google-mobile-ads" */ = {
			isa = XCRemoteSwiftPackageReference;
			repositoryURL = "https://github.com/googleads/swift-package-manager-google-mobile-ads.git";
			requirement = {
				kind = upToNextMajorVersion;
				minimumVersion = 9.0.0;
			};
		};
		B4043A112898F840009DB652 /* XCRemoteSwiftPackageReference "OpenSSL" */ = {
			isa = XCRemoteSwiftPackageReference;
			repositoryURL = "https://github.com/krzyzanowskim/OpenSSL";
			requirement = {
				kind = exactVersion;
				version = 1.1.1700;
			};
		};
/* End XCRemoteSwiftPackageReference section */

/* Begin XCSwiftPackageProductDependency section */
		5A14B3B828B51F2900F2116F /* PieChart */ = {
			isa = XCSwiftPackageProductDependency;
			package = 5A14B3B728B51F2900F2116F /* XCRemoteSwiftPackageReference "PieChart-SwiftUI" */;
			productName = PieChart;
		};
		5A3A6563288570DA0097B179 /* Stinsen */ = {
			isa = XCSwiftPackageProductDependency;
			package = 5A3A6562288570DA0097B179 /* XCRemoteSwiftPackageReference "stinsen" */;
			productName = Stinsen;
		};
		5A4CEC4728B8F678004D387A /* SwiftyJSON */ = {
			isa = XCSwiftPackageProductDependency;
			package = 5A4CEC4628B8F678004D387A /* XCRemoteSwiftPackageReference "SwiftyJSON" */;
			productName = SwiftyJSON;
		};
		5AF8B6D628B0E60E00D76AEC /* GoogleMobileAds */ = {
			isa = XCSwiftPackageProductDependency;
			package = 5AF8B6D528B0E60E00D76AEC /* XCRemoteSwiftPackageReference "swift-package-manager-google-mobile-ads" */;
			productName = GoogleMobileAds;
		};
		B4043A122898F840009DB652 /* OpenSSL */ = {
			isa = XCSwiftPackageProductDependency;
			package = B4043A112898F840009DB652 /* XCRemoteSwiftPackageReference "OpenSSL" */;
			productName = OpenSSL;
		};
/* End XCSwiftPackageProductDependency section */

/* Begin XCVersionGroup section */
		B4D5013B2869AAB10065EB4D /* Model.xcdatamodeld */ = {
			isa = XCVersionGroup;
			children = (
				B4D5013C2869AAB10065EB4D /* Model.xcdatamodel */,
			);
			currentVersion = B4D5013C2869AAB10065EB4D /* Model.xcdatamodel */;
			path = Model.xcdatamodeld;
			sourceTree = "<group>";
			versionGroupType = wrapper.xcdatamodel;
		};
/* End XCVersionGroup section */
	};
	rootObject = B4D501182869A87A0065EB4D /* Project object */;
}
